
Microsoft Visual Studio Solution File, Format Version 12.00
# Visual Studio 15
VisualStudioVersion = 15.0.26730.10
MinimumVisualStudioVersion = 10.0.40219.1
Project("{FAE04EC0-301F-11D3-BF4B-00C04F79EFBC}") = "MB.Softcrafts.DesignPattern.Factory", "MB.Softcrafts.DesignPattern.Factory\MB.Softcrafts.DesignPattern.Factory.csproj", "{FA635A07-BA1C-4FDD-B8D0-A2751523C78A}"
EndProject
Project("{FAE04EC0-301F-11D3-BF4B-00C04F79EFBC}") = "MB.Softcrafts.DesignPattern.Factory.Tests", "MB.Softcrafts.DesignPattern.Factory.Tests\MB.Softcrafts.DesignPattern.Factory.Tests.csproj", "{BEA232E6-ED5B-4D4A-A764-52C14938C1EA}"
EndProject
Project("{FAE04EC0-301F-11D3-BF4B-00C04F79EFBC}") = "MB.Softcrafts.DesignPattern.Strategy", "MB.Softcrafts.DesignPattern.Strategy\MB.Softcrafts.DesignPattern.Strategy.csproj", "{E5C4FC94-9B10-47C9-B450-B7375AABDBEC}"
EndProject
Project("{FAE04EC0-301F-11D3-BF4B-00C04F79EFBC}") = "MB.Softcrafts.DesignPattern.Strategy.Test", "MB.Softcrafts.DesignPattern.Strategy.Test\MB.Softcrafts.DesignPattern.Strategy.Test.csproj", "{D1034E96-0DEB-42AC-BF13-2A0068C00724}"
EndProject
Project("{2150E333-8FDC-42A3-9474-1A3956D46DE8}") = "Strategy", "Strategy", "{6D80AEC8-F0B2-49D5-ACE8-7ED3068ACD2A}"
EndProject
Project("{2150E333-8FDC-42A3-9474-1A3956D46DE8}") = "Factory", "Factory", "{154C74D7-D78B-4F4A-9F0D-D40BD9478182}"
EndProject
Project("{2150E333-8FDC-42A3-9474-1A3956D46DE8}") = "Observer", "Observer", "{DBF0C4F7-612D-42C2-A279-86866991CBAF}"
EndProject
Project("{2150E333-8FDC-42A3-9474-1A3956D46DE8}") = "Decorator", "Decorator", "{7B04E5D0-075C-4DFE-86D8-D22C91D857BD}"
EndProject
Project("{2150E333-8FDC-42A3-9474-1A3956D46DE8}") = "Singleton", "Singleton", "{2239C067-95C2-432D-8ECF-934A2D2B1778}"
EndProject
Project("{2150E333-8FDC-42A3-9474-1A3956D46DE8}") = "Command", "Command", "{4ABCE22F-7244-426B-BFD9-B09BF41B1579}"
EndProject
Project("{2150E333-8FDC-42A3-9474-1A3956D46DE8}") = "Adapter", "Adapter", "{0D2B43D9-8EAD-47F9-AFFA-A19A455A56F6}"
EndProject
Project("{2150E333-8FDC-42A3-9474-1A3956D46DE8}") = "Facade", "Facade", "{74A7A724-6093-43CF-9239-3408295F4ED0}"
EndProject
Project("{2150E333-8FDC-42A3-9474-1A3956D46DE8}") = "Template Method", "Template Method", "{6CE41ED5-3592-4182-8003-56ED72AC3935}"
EndProject
Project("{2150E333-8FDC-42A3-9474-1A3956D46DE8}") = "Iterator", "Iterator", "{7101E913-24B6-4BA6-A49A-0567C8825BF5}"
EndProject
Project("{2150E333-8FDC-42A3-9474-1A3956D46DE8}") = "Composite", "Composite", "{93AD3980-BBE3-4B8D-8021-6DB60782C718}"
EndProject
Project("{2150E333-8FDC-42A3-9474-1A3956D46DE8}") = "State", "State", "{C9F0047E-C3D8-4547-8FE7-FA8D1CF9DECC}"
EndProject
Project("{2150E333-8FDC-42A3-9474-1A3956D46DE8}") = "Proxy", "Proxy", "{48CFA961-D6CC-42F9-BC46-0D280DCB70EE}"
EndProject
Project("{2150E333-8FDC-42A3-9474-1A3956D46DE8}") = "Bridge", "Bridge", "{F11D95F8-C23A-4B8F-829E-5DDDFC59D74A}"
EndProject
Project("{2150E333-8FDC-42A3-9474-1A3956D46DE8}") = "Chain of Responsibility", "Chain of Responsibility", "{F03D2CEC-7641-4F90-8BE3-9DD97842D0F1}"
EndProject
Project("{2150E333-8FDC-42A3-9474-1A3956D46DE8}") = "Flyweight", "Flyweight", "{3ABA1C22-D900-4772-8B06-8B1E9CAB8BCB}"
EndProject
Project("{2150E333-8FDC-42A3-9474-1A3956D46DE8}") = "Interpreter", "Interpreter", "{427A775B-3792-4F3F-8284-5B13DB2C28B2}"
EndProject
Project("{2150E333-8FDC-42A3-9474-1A3956D46DE8}") = "Mediator", "Mediator", "{F46F692E-68DA-4CD9-BEB5-E65C496B2E50}"
EndProject
Project("{2150E333-8FDC-42A3-9474-1A3956D46DE8}") = "Memento", "Memento", "{994738FF-510C-4172-8907-3E81F1648EA9}"
EndProject
Project("{2150E333-8FDC-42A3-9474-1A3956D46DE8}") = "Visitor", "Visitor", "{E1DB8271-D839-4A7F-B794-EF21F66880C7}"
EndProject
Project("{2150E333-8FDC-42A3-9474-1A3956D46DE8}") = "Multiton", "Multiton", "{898C03D5-D9E9-42E9-88C0-59BA7B9A321E}"
EndProject
Project("{2150E333-8FDC-42A3-9474-1A3956D46DE8}") = "Prototype", "Prototype", "{87E62EAB-580A-4AEB-B983-36EBA6EC178C}"
EndProject
Project("{2150E333-8FDC-42A3-9474-1A3956D46DE8}") = "Builder", "Builder", "{8B74C5DF-6422-4C37-9B93-334409F63DD3}"
EndProject
Project("{2150E333-8FDC-42A3-9474-1A3956D46DE8}") = "Container", "Container", "{19DFCC37-3DCC-45BA-AFA3-C5AFC51912F8}"
EndProject
Project("{2150E333-8FDC-42A3-9474-1A3956D46DE8}") = "Interceptor", "Interceptor", "{80F50163-6CA1-49DF-B20A-B9E70D7969B0}"
EndProject
Project("{2150E333-8FDC-42A3-9474-1A3956D46DE8}") = "Null object", "Null object", "{541B59DC-C836-473D-9078-CBEDD1F10A1F}"
EndProject
Project("{2150E333-8FDC-42A3-9474-1A3956D46DE8}") = "Dependency Injection", "Dependency Injection", "{A787E8AA-003C-4BD4-AB8C-A4E026BEC08F}"
EndProject
Project("{2150E333-8FDC-42A3-9474-1A3956D46DE8}") = "Extension Interface", "Extension Interface", "{DF4E68B5-4F85-4CE7-B079-68BA24CEC4B3}"
EndProject
Project("{2150E333-8FDC-42A3-9474-1A3956D46DE8}") = "Fluent Interface", "Fluent Interface", "{7A1CB9A6-5BE2-47B0-BB5E-E2C5EC080D2E}"
EndProject
Project("{2150E333-8FDC-42A3-9474-1A3956D46DE8}") = "Business Delegate", "Business Delegate", "{9E6FE2BD-AE40-4815-9324-2E986B41E7AA}"
EndProject
Project("{2150E333-8FDC-42A3-9474-1A3956D46DE8}") = "Inversion of Control", "Inversion of Control", "{704FB214-F0CC-4DE5-84DD-79B8C0A75773}"
EndProject
Project("{2150E333-8FDC-42A3-9474-1A3956D46DE8}") = "Creational Design Patterns", "Creational Design Patterns", "{EB92687C-1AC3-4AFB-BFE0-965E056EB641}"
EndProject
Project("{2150E333-8FDC-42A3-9474-1A3956D46DE8}") = "Structural Design Patterns", "Structural Design Patterns", "{0D2EA71B-3E12-42F6-B251-52F19FD48BC7}"
EndProject
Project("{2150E333-8FDC-42A3-9474-1A3956D46DE8}") = "Behavioral Design Patterns", "Behavioral Design Patterns", "{2E89F12D-F4C3-4718-A102-EC0EA3198E36}"
EndProject
Project("{2150E333-8FDC-42A3-9474-1A3956D46DE8}") = "MapReduce", "MapReduce", "{CB987F18-909E-4F60-92FD-31DC309A681E}"
EndProject
Project("{2150E333-8FDC-42A3-9474-1A3956D46DE8}") = "Software Pipelining", "Software Pipelining", "{4AF6A817-4B7C-405A-8E03-403DB92D1CBD}"
EndProject
Project("{2150E333-8FDC-42A3-9474-1A3956D46DE8}") = "Token", "Token", "{EC771B06-EC49-413B-ADA4-E95E328B919F}"
EndProject
Project("{2150E333-8FDC-42A3-9474-1A3956D46DE8}") = "Other Patterns", "Other Patterns", "{3E44718F-E928-4119-8D98-491C8C8ACDFB}"
EndProject
Project("{2150E333-8FDC-42A3-9474-1A3956D46DE8}") = "MVC", "MVC", "{4C6E36A2-FC4D-4EA0-984C-E691562BC074}"
EndProject
Project("{2150E333-8FDC-42A3-9474-1A3956D46DE8}") = "MVP", "MVP", "{69CAE7B0-8D3A-4810-8EE9-91CF61F52202}"
EndProject
Project("{2150E333-8FDC-42A3-9474-1A3956D46DE8}") = "MVVM", "MVVM", "{D57A5AF5-C06C-419B-BB12-D164D3F234D3}"
EndProject
Project("{2150E333-8FDC-42A3-9474-1A3956D46DE8}") = "Repository", "Repository", "{F5FA29E4-33C1-4E63-8EAD-7362FBC0F56B}"
EndProject
Project("{2150E333-8FDC-42A3-9474-1A3956D46DE8}") = "Lock", "Lock", "{85FE230D-5C27-4861-9891-5D86B8235F34}"
EndProject
Project("{2150E333-8FDC-42A3-9474-1A3956D46DE8}") = "Architectural Pattern", "Architectural Pattern", "{05817CA6-AFAE-46B4-A135-3FF2F696637F}"
EndProject
Project("{2150E333-8FDC-42A3-9474-1A3956D46DE8}") = "Event driven", "Event driven", "{9F5473C4-47C2-4417-B3C3-7B0107664E92}"
EndProject
Project("{2150E333-8FDC-42A3-9474-1A3956D46DE8}") = "Blackboard system", "Blackboard system", "{F7A80D7C-6703-43F1-8E7F-7016BB51AAA0}"
EndProject
Project("{2150E333-8FDC-42A3-9474-1A3956D46DE8}") = "Implicit invocation", "Implicit invocation", "{C8DC2AC1-D587-4A2D-833F-2AC57366C17D}"
EndProject
Project("{2150E333-8FDC-42A3-9474-1A3956D46DE8}") = "Layers", "Layers", "{572E26AC-E0B0-4DAC-A5D4-7995B1FF52F2}"
EndProject
Project("{2150E333-8FDC-42A3-9474-1A3956D46DE8}") = "Microservices", "Microservices", "{094B75DB-3B14-48AB-A577-2C51EF2A1D6C}"
EndProject
Project("{2150E333-8FDC-42A3-9474-1A3956D46DE8}") = "Multitier", "Multitier", "{BBF1102A-722B-427D-9DEC-38877D936293}"
EndProject
Project("{2150E333-8FDC-42A3-9474-1A3956D46DE8}") = "Nacked Objects", "Nacked Objects", "{65A3F354-D8EE-4FDD-AA74-46A359DBB2D9}"
EndProject
Project("{2150E333-8FDC-42A3-9474-1A3956D46DE8}") = "Operational Data Store", "Operational Data Store", "{843AA581-E02D-4CCF-9915-AF528BBAC63A}"
EndProject
Project("{2150E333-8FDC-42A3-9474-1A3956D46DE8}") = "Peer to peer", "Peer to peer", "{68E4649F-2B22-452D-B3B2-CFBF4A9AC94C}"
EndProject
Project("{2150E333-8FDC-42A3-9474-1A3956D46DE8}") = "Pipe and filter", "Pipe and filter", "{BB1F6658-ADF8-4DA9-A991-837CF469B974}"
EndProject
Project("{2150E333-8FDC-42A3-9474-1A3956D46DE8}") = "Service oriented", "Service oriented", "{919CC6AD-0788-4BB3-B5CF-54219CAEB21E}"
EndProject
Project("{2150E333-8FDC-42A3-9474-1A3956D46DE8}") = "Broker pattern", "Broker pattern", "{90E3E51C-8E6B-4B6C-BE3C-0E4548714479}"
EndProject
Project("{2150E333-8FDC-42A3-9474-1A3956D46DE8}") = "Microkernel", "Microkernel", "{9DEC5956-3B6E-4769-9DEC-205B4DDFE1B8}"
EndProject
Project("{2150E333-8FDC-42A3-9474-1A3956D46DE8}") = "Structure", "Structure", "{F21F762D-E283-4E0A-AF85-6641A0B7BE86}"
EndProject
Project("{2150E333-8FDC-42A3-9474-1A3956D46DE8}") = "Component based", "Component based", "{427B7002-C971-4A72-BA56-1814098D0871}"
EndProject
Project("{2150E333-8FDC-42A3-9474-1A3956D46DE8}") = "Monolithic (Big Ball of Mud)", "Monolithic (Big Ball of Mud)", "{B24A73BA-4A54-49E2-AFE5-2C64F2C9EBC3}"
EndProject
Project("{2150E333-8FDC-42A3-9474-1A3956D46DE8}") = "Shared Memory", "Shared Memory", "{FD1BB91F-D9CE-4DD6-B4F7-8D22783AEC05}"
EndProject
Project("{2150E333-8FDC-42A3-9474-1A3956D46DE8}") = "Rule based", "Rule based", "{0EAD76FF-06E2-4000-A4A3-C68DD01E1D6B}"
EndProject
Project("{2150E333-8FDC-42A3-9474-1A3956D46DE8}") = "Data centric", "Data centric", "{1BB91B04-8284-43A0-A4C7-9743C65FB876}"
EndProject
Project("{2150E333-8FDC-42A3-9474-1A3956D46DE8}") = "Messaging", "Messaging", "{526708B1-8D19-4BA6-854B-F6958DDCA416}"
EndProject
Project("{2150E333-8FDC-42A3-9474-1A3956D46DE8}") = "Publish Subscribe", "Publish Subscribe", "{DA854896-31D6-4615-9501-FD289CF92830}"
EndProject
Project("{2150E333-8FDC-42A3-9474-1A3956D46DE8}") = "Asynchronous Messaging", "Asynchronous Messaging", "{2AD96FEF-C7E2-4158-AB76-98EDA5D55A0C}"
EndProject
Project("{2150E333-8FDC-42A3-9474-1A3956D46DE8}") = "Adaptable Systems", "Adaptable Systems", "{BADBD6B0-21F5-40F5-8EBA-13DD668A6ADC}"
EndProject
Project("{2150E333-8FDC-42A3-9474-1A3956D46DE8}") = "Plug-ins", "Plug-ins", "{A598BA6A-0173-4692-992A-C2B8FDEF9FD8}"
EndProject
Project("{2150E333-8FDC-42A3-9474-1A3956D46DE8}") = "Reflection", "Reflection", "{154A7F01-22EA-489C-A337-F5AD52AE4B20}"
EndProject
Project("{2150E333-8FDC-42A3-9474-1A3956D46DE8}") = "Domain specific languages", "Domain specific languages", "{43C3D7C0-212C-4397-B0CA-27FF67AB4D39}"
EndProject
Project("{2150E333-8FDC-42A3-9474-1A3956D46DE8}") = "Distributed systems", "Distributed systems", "{E514D1C9-5A8D-431F-B8DB-52C01B472D6F}"
EndProject
Project("{2150E333-8FDC-42A3-9474-1A3956D46DE8}") = "Client-Server", "Client-Server", "{0AE0AA3D-4A3B-4B7F-ACBF-EE6D4D66054F}"
EndProject
Project("{FAE04EC0-301F-11D3-BF4B-00C04F79EFBC}") = "MB.Softcrafts.DesignPattern.State", "MB.Softcrafts.DesignPattern.State\MB.Softcrafts.DesignPattern.State.csproj", "{0B429665-1F8B-4491-8AC3-C8B58A0F11AF}"
EndProject
Project("{FAE04EC0-301F-11D3-BF4B-00C04F79EFBC}") = "MB.Softcrafts.DesignPattern.State.Test", "MB.Softcrafts.DesignPattern.State.Test\MB.Softcrafts.DesignPattern.State.Test.csproj", "{DBB34875-0F5D-49A2-9A57-4198C3EBA3B1}"
EndProject
Project("{FAE04EC0-301F-11D3-BF4B-00C04F79EFBC}") = "MB.Softcrafts.DesignPattern.Singleton", "MB.Softcrafts.DesignPattern.Singleton\MB.Softcrafts.DesignPattern.Singleton.csproj", "{5B31698A-453F-4CBE-99EF-270BE8248387}"
EndProject
Global
	GlobalSection(SolutionConfigurationPlatforms) = preSolution
		Debug|Any CPU = Debug|Any CPU
		Release|Any CPU = Release|Any CPU
	EndGlobalSection
	GlobalSection(ProjectConfigurationPlatforms) = postSolution
		{FA635A07-BA1C-4FDD-B8D0-A2751523C78A}.Debug|Any CPU.ActiveCfg = Debug|Any CPU
		{FA635A07-BA1C-4FDD-B8D0-A2751523C78A}.Debug|Any CPU.Build.0 = Debug|Any CPU
		{FA635A07-BA1C-4FDD-B8D0-A2751523C78A}.Release|Any CPU.ActiveCfg = Release|Any CPU
		{FA635A07-BA1C-4FDD-B8D0-A2751523C78A}.Release|Any CPU.Build.0 = Release|Any CPU
		{BEA232E6-ED5B-4D4A-A764-52C14938C1EA}.Debug|Any CPU.ActiveCfg = Debug|Any CPU
		{BEA232E6-ED5B-4D4A-A764-52C14938C1EA}.Debug|Any CPU.Build.0 = Debug|Any CPU
		{BEA232E6-ED5B-4D4A-A764-52C14938C1EA}.Release|Any CPU.ActiveCfg = Release|Any CPU
		{BEA232E6-ED5B-4D4A-A764-52C14938C1EA}.Release|Any CPU.Build.0 = Release|Any CPU
		{E5C4FC94-9B10-47C9-B450-B7375AABDBEC}.Debug|Any CPU.ActiveCfg = Debug|Any CPU
		{E5C4FC94-9B10-47C9-B450-B7375AABDBEC}.Debug|Any CPU.Build.0 = Debug|Any CPU
		{E5C4FC94-9B10-47C9-B450-B7375AABDBEC}.Release|Any CPU.ActiveCfg = Release|Any CPU
		{E5C4FC94-9B10-47C9-B450-B7375AABDBEC}.Release|Any CPU.Build.0 = Release|Any CPU
		{D1034E96-0DEB-42AC-BF13-2A0068C00724}.Debug|Any CPU.ActiveCfg = Debug|Any CPU
		{D1034E96-0DEB-42AC-BF13-2A0068C00724}.Debug|Any CPU.Build.0 = Debug|Any CPU
		{D1034E96-0DEB-42AC-BF13-2A0068C00724}.Release|Any CPU.ActiveCfg = Release|Any CPU
		{D1034E96-0DEB-42AC-BF13-2A0068C00724}.Release|Any CPU.Build.0 = Release|Any CPU
		{0B429665-1F8B-4491-8AC3-C8B58A0F11AF}.Debug|Any CPU.ActiveCfg = Debug|Any CPU
		{0B429665-1F8B-4491-8AC3-C8B58A0F11AF}.Debug|Any CPU.Build.0 = Debug|Any CPU
		{0B429665-1F8B-4491-8AC3-C8B58A0F11AF}.Release|Any CPU.ActiveCfg = Release|Any CPU
		{0B429665-1F8B-4491-8AC3-C8B58A0F11AF}.Release|Any CPU.Build.0 = Release|Any CPU
		{DBB34875-0F5D-49A2-9A57-4198C3EBA3B1}.Debug|Any CPU.ActiveCfg = Debug|Any CPU
		{DBB34875-0F5D-49A2-9A57-4198C3EBA3B1}.Debug|Any CPU.Build.0 = Debug|Any CPU
		{DBB34875-0F5D-49A2-9A57-4198C3EBA3B1}.Release|Any CPU.ActiveCfg = Release|Any CPU
		{DBB34875-0F5D-49A2-9A57-4198C3EBA3B1}.Release|Any CPU.Build.0 = Release|Any CPU
		{5B31698A-453F-4CBE-99EF-270BE8248387}.Debug|Any CPU.ActiveCfg = Debug|Any CPU
		{5B31698A-453F-4CBE-99EF-270BE8248387}.Debug|Any CPU.Build.0 = Debug|Any CPU
		{5B31698A-453F-4CBE-99EF-270BE8248387}.Release|Any CPU.ActiveCfg = Release|Any CPU
		{5B31698A-453F-4CBE-99EF-270BE8248387}.Release|Any CPU.Build.0 = Release|Any CPU
	EndGlobalSection
	GlobalSection(SolutionProperties) = preSolution
		HideSolutionNode = FALSE
	EndGlobalSection
	GlobalSection(NestedProjects) = preSolution
		{FA635A07-BA1C-4FDD-B8D0-A2751523C78A} = {154C74D7-D78B-4F4A-9F0D-D40BD9478182}
		{BEA232E6-ED5B-4D4A-A764-52C14938C1EA} = {154C74D7-D78B-4F4A-9F0D-D40BD9478182}
		{E5C4FC94-9B10-47C9-B450-B7375AABDBEC} = {6D80AEC8-F0B2-49D5-ACE8-7ED3068ACD2A}
		{D1034E96-0DEB-42AC-BF13-2A0068C00724} = {6D80AEC8-F0B2-49D5-ACE8-7ED3068ACD2A}
		{6D80AEC8-F0B2-49D5-ACE8-7ED3068ACD2A} = {2E89F12D-F4C3-4718-A102-EC0EA3198E36}
		{154C74D7-D78B-4F4A-9F0D-D40BD9478182} = {EB92687C-1AC3-4AFB-BFE0-965E056EB641}
		{DBF0C4F7-612D-42C2-A279-86866991CBAF} = {2E89F12D-F4C3-4718-A102-EC0EA3198E36}
		{7B04E5D0-075C-4DFE-86D8-D22C91D857BD} = {0D2EA71B-3E12-42F6-B251-52F19FD48BC7}
		{2239C067-95C2-432D-8ECF-934A2D2B1778} = {EB92687C-1AC3-4AFB-BFE0-965E056EB641}
		{4ABCE22F-7244-426B-BFD9-B09BF41B1579} = {2E89F12D-F4C3-4718-A102-EC0EA3198E36}
		{0D2B43D9-8EAD-47F9-AFFA-A19A455A56F6} = {0D2EA71B-3E12-42F6-B251-52F19FD48BC7}
		{74A7A724-6093-43CF-9239-3408295F4ED0} = {0D2EA71B-3E12-42F6-B251-52F19FD48BC7}
		{6CE41ED5-3592-4182-8003-56ED72AC3935} = {2E89F12D-F4C3-4718-A102-EC0EA3198E36}
		{7101E913-24B6-4BA6-A49A-0567C8825BF5} = {2E89F12D-F4C3-4718-A102-EC0EA3198E36}
		{93AD3980-BBE3-4B8D-8021-6DB60782C718} = {0D2EA71B-3E12-42F6-B251-52F19FD48BC7}
		{C9F0047E-C3D8-4547-8FE7-FA8D1CF9DECC} = {2E89F12D-F4C3-4718-A102-EC0EA3198E36}
		{48CFA961-D6CC-42F9-BC46-0D280DCB70EE} = {0D2EA71B-3E12-42F6-B251-52F19FD48BC7}
		{F11D95F8-C23A-4B8F-829E-5DDDFC59D74A} = {0D2EA71B-3E12-42F6-B251-52F19FD48BC7}
		{F03D2CEC-7641-4F90-8BE3-9DD97842D0F1} = {2E89F12D-F4C3-4718-A102-EC0EA3198E36}
		{3ABA1C22-D900-4772-8B06-8B1E9CAB8BCB} = {0D2EA71B-3E12-42F6-B251-52F19FD48BC7}
		{427A775B-3792-4F3F-8284-5B13DB2C28B2} = {2E89F12D-F4C3-4718-A102-EC0EA3198E36}
		{F46F692E-68DA-4CD9-BEB5-E65C496B2E50} = {2E89F12D-F4C3-4718-A102-EC0EA3198E36}
		{994738FF-510C-4172-8907-3E81F1648EA9} = {2E89F12D-F4C3-4718-A102-EC0EA3198E36}
		{E1DB8271-D839-4A7F-B794-EF21F66880C7} = {2E89F12D-F4C3-4718-A102-EC0EA3198E36}
		{898C03D5-D9E9-42E9-88C0-59BA7B9A321E} = {EB92687C-1AC3-4AFB-BFE0-965E056EB641}
		{87E62EAB-580A-4AEB-B983-36EBA6EC178C} = {EB92687C-1AC3-4AFB-BFE0-965E056EB641}
		{8B74C5DF-6422-4C37-9B93-334409F63DD3} = {EB92687C-1AC3-4AFB-BFE0-965E056EB641}
		{19DFCC37-3DCC-45BA-AFA3-C5AFC51912F8} = {0D2EA71B-3E12-42F6-B251-52F19FD48BC7}
		{80F50163-6CA1-49DF-B20A-B9E70D7969B0} = {2E89F12D-F4C3-4718-A102-EC0EA3198E36}
		{541B59DC-C836-473D-9078-CBEDD1F10A1F} = {2E89F12D-F4C3-4718-A102-EC0EA3198E36}
		{A787E8AA-003C-4BD4-AB8C-A4E026BEC08F} = {3E44718F-E928-4119-8D98-491C8C8ACDFB}
		{DF4E68B5-4F85-4CE7-B079-68BA24CEC4B3} = {3E44718F-E928-4119-8D98-491C8C8ACDFB}
		{7A1CB9A6-5BE2-47B0-BB5E-E2C5EC080D2E} = {3E44718F-E928-4119-8D98-491C8C8ACDFB}
		{9E6FE2BD-AE40-4815-9324-2E986B41E7AA} = {3E44718F-E928-4119-8D98-491C8C8ACDFB}
		{704FB214-F0CC-4DE5-84DD-79B8C0A75773} = {3E44718F-E928-4119-8D98-491C8C8ACDFB}
		{CB987F18-909E-4F60-92FD-31DC309A681E} = {2E89F12D-F4C3-4718-A102-EC0EA3198E36}
		{4AF6A817-4B7C-405A-8E03-403DB92D1CBD} = {2E89F12D-F4C3-4718-A102-EC0EA3198E36}
		{EC771B06-EC49-413B-ADA4-E95E328B919F} = {2E89F12D-F4C3-4718-A102-EC0EA3198E36}
		{4C6E36A2-FC4D-4EA0-984C-E691562BC074} = {3E44718F-E928-4119-8D98-491C8C8ACDFB}
		{69CAE7B0-8D3A-4810-8EE9-91CF61F52202} = {3E44718F-E928-4119-8D98-491C8C8ACDFB}
		{D57A5AF5-C06C-419B-BB12-D164D3F234D3} = {3E44718F-E928-4119-8D98-491C8C8ACDFB}
		{F5FA29E4-33C1-4E63-8EAD-7362FBC0F56B} = {3E44718F-E928-4119-8D98-491C8C8ACDFB}
		{85FE230D-5C27-4861-9891-5D86B8235F34} = {3E44718F-E928-4119-8D98-491C8C8ACDFB}
		{9F5473C4-47C2-4417-B3C3-7B0107664E92} = {526708B1-8D19-4BA6-854B-F6958DDCA416}
		{F7A80D7C-6703-43F1-8E7F-7016BB51AAA0} = {FD1BB91F-D9CE-4DD6-B4F7-8D22783AEC05}
		{C8DC2AC1-D587-4A2D-833F-2AC57366C17D} = {526708B1-8D19-4BA6-854B-F6958DDCA416}
		{572E26AC-E0B0-4DAC-A5D4-7995B1FF52F2} = {F21F762D-E283-4E0A-AF85-6641A0B7BE86}
		{094B75DB-3B14-48AB-A577-2C51EF2A1D6C} = {E514D1C9-5A8D-431F-B8DB-52C01B472D6F}
		{BBF1102A-722B-427D-9DEC-38877D936293} = {E514D1C9-5A8D-431F-B8DB-52C01B472D6F}
		{65A3F354-D8EE-4FDD-AA74-46A359DBB2D9} = {F21F762D-E283-4E0A-AF85-6641A0B7BE86}
		{843AA581-E02D-4CCF-9915-AF528BBAC63A} = {FD1BB91F-D9CE-4DD6-B4F7-8D22783AEC05}
		{68E4649F-2B22-452D-B3B2-CFBF4A9AC94C} = {E514D1C9-5A8D-431F-B8DB-52C01B472D6F}
		{BB1F6658-ADF8-4DA9-A991-837CF469B974} = {F21F762D-E283-4E0A-AF85-6641A0B7BE86}
		{919CC6AD-0788-4BB3-B5CF-54219CAEB21E} = {E514D1C9-5A8D-431F-B8DB-52C01B472D6F}
		{90E3E51C-8E6B-4B6C-BE3C-0E4548714479} = {E514D1C9-5A8D-431F-B8DB-52C01B472D6F}
		{9DEC5956-3B6E-4769-9DEC-205B4DDFE1B8} = {BADBD6B0-21F5-40F5-8EBA-13DD668A6ADC}
		{F21F762D-E283-4E0A-AF85-6641A0B7BE86} = {05817CA6-AFAE-46B4-A135-3FF2F696637F}
		{427B7002-C971-4A72-BA56-1814098D0871} = {F21F762D-E283-4E0A-AF85-6641A0B7BE86}
		{B24A73BA-4A54-49E2-AFE5-2C64F2C9EBC3} = {F21F762D-E283-4E0A-AF85-6641A0B7BE86}
		{FD1BB91F-D9CE-4DD6-B4F7-8D22783AEC05} = {05817CA6-AFAE-46B4-A135-3FF2F696637F}
		{0EAD76FF-06E2-4000-A4A3-C68DD01E1D6B} = {FD1BB91F-D9CE-4DD6-B4F7-8D22783AEC05}
		{1BB91B04-8284-43A0-A4C7-9743C65FB876} = {FD1BB91F-D9CE-4DD6-B4F7-8D22783AEC05}
		{526708B1-8D19-4BA6-854B-F6958DDCA416} = {05817CA6-AFAE-46B4-A135-3FF2F696637F}
		{DA854896-31D6-4615-9501-FD289CF92830} = {526708B1-8D19-4BA6-854B-F6958DDCA416}
		{2AD96FEF-C7E2-4158-AB76-98EDA5D55A0C} = {526708B1-8D19-4BA6-854B-F6958DDCA416}
		{BADBD6B0-21F5-40F5-8EBA-13DD668A6ADC} = {05817CA6-AFAE-46B4-A135-3FF2F696637F}
		{A598BA6A-0173-4692-992A-C2B8FDEF9FD8} = {BADBD6B0-21F5-40F5-8EBA-13DD668A6ADC}
		{154A7F01-22EA-489C-A337-F5AD52AE4B20} = {BADBD6B0-21F5-40F5-8EBA-13DD668A6ADC}
		{43C3D7C0-212C-4397-B0CA-27FF67AB4D39} = {BADBD6B0-21F5-40F5-8EBA-13DD668A6ADC}
		{E514D1C9-5A8D-431F-B8DB-52C01B472D6F} = {05817CA6-AFAE-46B4-A135-3FF2F696637F}
		{0AE0AA3D-4A3B-4B7F-ACBF-EE6D4D66054F} = {E514D1C9-5A8D-431F-B8DB-52C01B472D6F}
		{0B429665-1F8B-4491-8AC3-C8B58A0F11AF} = {C9F0047E-C3D8-4547-8FE7-FA8D1CF9DECC}
		{DBB34875-0F5D-49A2-9A57-4198C3EBA3B1} = {C9F0047E-C3D8-4547-8FE7-FA8D1CF9DECC}
		{5B31698A-453F-4CBE-99EF-270BE8248387} = {2239C067-95C2-432D-8ECF-934A2D2B1778}
	EndGlobalSection
	GlobalSection(ExtensibilityGlobals) = postSolution
		SolutionGuid = {93DBCCAF-375C-43AE-BFCA-EC648A06695E}
	EndGlobalSection
EndGlobal
