
Microsoft Visual Studio Solution File, Format Version 12.00
# Visual Studio 14
VisualStudioVersion = 14.0.23107.0
MinimumVisualStudioVersion = 10.0.40219.1
Project("{FAE04EC0-301F-11D3-BF4B-00C04F79EFBC}") = "MB.Softcrafts.DesignPattern.Factory", "MB.Softcrafts.DesignPattern.Factory\MB.Softcrafts.DesignPattern.Factory.csproj", "{FA635A07-BA1C-4FDD-B8D0-A2751523C78A}"
EndProject
Project("{FAE04EC0-301F-11D3-BF4B-00C04F79EFBC}") = "MB.Softcrafts.DesignPattern.Factory.Tests", "MB.Softcrafts.DesignPattern.Factory.Tests\MB.Softcrafts.DesignPattern.Factory.Tests.csproj", "{BEA232E6-ED5B-4D4A-A764-52C14938C1EA}"
EndProject
Project("{FAE04EC0-301F-11D3-BF4B-00C04F79EFBC}") = "MB.Softcrafts.DesignPattern.Strategy", "MB.Softcrafts.DesignPattern.Strategy\MB.Softcrafts.DesignPattern.Strategy.csproj", "{E5C4FC94-9B10-47C9-B450-B7375AABDBEC}"
EndProject
Project("{FAE04EC0-301F-11D3-BF4B-00C04F79EFBC}") = "MB.Softcrafts.DesignPattern.Strategy.Test", "MB.Softcrafts.DesignPattern.Strategy.Test\MB.Softcrafts.DesignPattern.Strategy.Test.csproj", "{D1034E96-0DEB-42AC-BF13-2A0068C00724}"
EndProject
Global
	GlobalSection(SolutionConfigurationPlatforms) = preSolution
		Debug|Any CPU = Debug|Any CPU
		Release|Any CPU = Release|Any CPU
	EndGlobalSection
	GlobalSection(ProjectConfigurationPlatforms) = postSolution
		{FA635A07-BA1C-4FDD-B8D0-A2751523C78A}.Debug|Any CPU.ActiveCfg = Debug|Any CPU
		{FA635A07-BA1C-4FDD-B8D0-A2751523C78A}.Debug|Any CPU.Build.0 = Debug|Any CPU
		{FA635A07-BA1C-4FDD-B8D0-A2751523C78A}.Release|Any CPU.ActiveCfg = Release|Any CPU
		{FA635A07-BA1C-4FDD-B8D0-A2751523C78A}.Release|Any CPU.Build.0 = Release|Any CPU
		{BEA232E6-ED5B-4D4A-A764-52C14938C1EA}.Debug|Any CPU.ActiveCfg = Debug|Any CPU
		{BEA232E6-ED5B-4D4A-A764-52C14938C1EA}.Debug|Any CPU.Build.0 = Debug|Any CPU
		{BEA232E6-ED5B-4D4A-A764-52C14938C1EA}.Release|Any CPU.ActiveCfg = Release|Any CPU
		{BEA232E6-ED5B-4D4A-A764-52C14938C1EA}.Release|Any CPU.Build.0 = Release|Any CPU
		{E5C4FC94-9B10-47C9-B450-B7375AABDBEC}.Debug|Any CPU.ActiveCfg = Debug|Any CPU
		{E5C4FC94-9B10-47C9-B450-B7375AABDBEC}.Debug|Any CPU.Build.0 = Debug|Any CPU
		{E5C4FC94-9B10-47C9-B450-B7375AABDBEC}.Release|Any CPU.ActiveCfg = Release|Any CPU
		{E5C4FC94-9B10-47C9-B450-B7375AABDBEC}.Release|Any CPU.Build.0 = Release|Any CPU
		{D1034E96-0DEB-42AC-BF13-2A0068C00724}.Debug|Any CPU.ActiveCfg = Debug|Any CPU
		{D1034E96-0DEB-42AC-BF13-2A0068C00724}.Debug|Any CPU.Build.0 = Debug|Any CPU
		{D1034E96-0DEB-42AC-BF13-2A0068C00724}.Release|Any CPU.ActiveCfg = Release|Any CPU
		{D1034E96-0DEB-42AC-BF13-2A0068C00724}.Release|Any CPU.Build.0 = Release|Any CPU
	EndGlobalSection
	GlobalSection(SolutionProperties) = preSolution
		HideSolutionNode = FALSE
	EndGlobalSection
EndGlobal
